// !$*UTF8*$!
{
	archiveVersion = 1;
	classes = {
	};
	objectVersion = 50;
	objects = {

/* Begin PBXBuildFile section */
		9BF8B3542358C8D100C76D72 /* AppDelegate.swift in Sources */ = {isa = PBXBuildFile; fileRef = 9BF8B3532358C8D100C76D72 /* AppDelegate.swift */; };
		9BF8B3562358C8D100C76D72 /* GameScene.sks in Resources */ = {isa = PBXBuildFile; fileRef = 9BF8B3552358C8D100C76D72 /* GameScene.sks */; };
		9BF8B3582358C8D100C76D72 /* Actions.sks in Resources */ = {isa = PBXBuildFile; fileRef = 9BF8B3572358C8D100C76D72 /* Actions.sks */; };
		9BF8B35A2358C8D100C76D72 /* GameScene.swift in Sources */ = {isa = PBXBuildFile; fileRef = 9BF8B3592358C8D100C76D72 /* GameScene.swift */; };
		9BF8B35C2358C8D100C76D72 /* GameViewController.swift in Sources */ = {isa = PBXBuildFile; fileRef = 9BF8B35B2358C8D100C76D72 /* GameViewController.swift */; };
		9BF8B35F2358C8D100C76D72 /* Main.storyboard in Resources */ = {isa = PBXBuildFile; fileRef = 9BF8B35D2358C8D100C76D72 /* Main.storyboard */; };
		9BF8B3612358C8D300C76D72 /* Assets.xcassets in Resources */ = {isa = PBXBuildFile; fileRef = 9BF8B3602358C8D300C76D72 /* Assets.xcassets */; };
		9BF8B3642358C8D300C76D72 /* LaunchScreen.storyboard in Resources */ = {isa = PBXBuildFile; fileRef = 9BF8B3622358C8D300C76D72 /* LaunchScreen.storyboard */; };
		9BF8B36F2358C8D300C76D72 /* Gametest4Tests.swift in Sources */ = {isa = PBXBuildFile; fileRef = 9BF8B36E2358C8D300C76D72 /* Gametest4Tests.swift */; };
		9BF8B37A2358C8D300C76D72 /* Gametest4UITests.swift in Sources */ = {isa = PBXBuildFile; fileRef = 9BF8B3792358C8D300C76D72 /* Gametest4UITests.swift */; };
/* End PBXBuildFile section */

/* Begin PBXContainerItemProxy section */
		9BF8B36B2358C8D300C76D72 /* PBXContainerItemProxy */ = {
			isa = PBXContainerItemProxy;
			containerPortal = 9BF8B3482358C8D100C76D72 /* Project object */;
			proxyType = 1;
			remoteGlobalIDString = 9BF8B34F2358C8D100C76D72;
			remoteInfo = Gametest4;
		};
		9BF8B3762358C8D300C76D72 /* PBXContainerItemProxy */ = {
			isa = PBXContainerItemProxy;
			containerPortal = 9BF8B3482358C8D100C76D72 /* Project object */;
			proxyType = 1;
			remoteGlobalIDString = 9BF8B34F2358C8D100C76D72;
			remoteInfo = Gametest4;
		};
/* End PBXContainerItemProxy section */

/* Begin PBXFileReference section */
		9BF8B3502358C8D100C76D72 /* Gametest4.app */ = {isa = PBXFileReference; explicitFileType = wrapper.application; includeInIndex = 0; path = Gametest4.app; sourceTree = BUILT_PRODUCTS_DIR; };
		9BF8B3532358C8D100C76D72 /* AppDelegate.swift */ = {isa = PBXFileReference; lastKnownFileType = sourcecode.swift; path = AppDelegate.swift; sourceTree = "<group>"; };
		9BF8B3552358C8D100C76D72 /* GameScene.sks */ = {isa = PBXFileReference; lastKnownFileType = file.sks; path = GameScene.sks; sourceTree = "<group>"; };
		9BF8B3572358C8D100C76D72 /* Actions.sks */ = {isa = PBXFileReference; lastKnownFileType = file.sks; path = Actions.sks; sourceTree = "<group>"; };
		9BF8B3592358C8D100C76D72 /* GameScene.swift */ = {isa = PBXFileReference; lastKnownFileType = sourcecode.swift; path = GameScene.swift; sourceTree = "<group>"; };
		9BF8B35B2358C8D100C76D72 /* GameViewController.swift */ = {isa = PBXFileReference; lastKnownFileType = sourcecode.swift; path = GameViewController.swift; sourceTree = "<group>"; };
		9BF8B35E2358C8D100C76D72 /* Base */ = {isa = PBXFileReference; lastKnownFileType = file.storyboard; name = Base; path = Base.lproj/Main.storyboard; sourceTree = "<group>"; };
		9BF8B3602358C8D300C76D72 /* Assets.xcassets */ = {isa = PBXFileReference; lastKnownFileType = folder.assetcatalog; path = Assets.xcassets; sourceTree = "<group>"; };
		9BF8B3632358C8D300C76D72 /* Base */ = {isa = PBXFileReference; lastKnownFileType = file.storyboard; name = Base; path = Base.lproj/LaunchScreen.storyboard; sourceTree = "<group>"; };
		9BF8B3652358C8D300C76D72 /* Info.plist */ = {isa = PBXFileReference; lastKnownFileType = text.plist.xml; path = Info.plist; sourceTree = "<group>"; };
		9BF8B36A2358C8D300C76D72 /* Gametest4Tests.xctest */ = {isa = PBXFileReference; explicitFileType = wrapper.cfbundle; includeInIndex = 0; path = Gametest4Tests.xctest; sourceTree = BUILT_PRODUCTS_DIR; };
		9BF8B36E2358C8D300C76D72 /* Gametest4Tests.swift */ = {isa = PBXFileReference; lastKnownFileType = sourcecode.swift; path = Gametest4Tests.swift; sourceTree = "<group>"; };
		9BF8B3702358C8D300C76D72 /* Info.plist */ = {isa = PBXFileReference; lastKnownFileType = text.plist.xml; path = Info.plist; sourceTree = "<group>"; };
		9BF8B3752358C8D300C76D72 /* Gametest4UITests.xctest */ = {isa = PBXFileReference; explicitFileType = wrapper.cfbundle; includeInIndex = 0; path = Gametest4UITests.xctest; sourceTree = BUILT_PRODUCTS_DIR; };
		9BF8B3792358C8D300C76D72 /* Gametest4UITests.swift */ = {isa = PBXFileReference; lastKnownFileType = sourcecode.swift; path = Gametest4UITests.swift; sourceTree = "<group>"; };
		9BF8B37B2358C8D300C76D72 /* Info.plist */ = {isa = PBXFileReference; lastKnownFileType = text.plist.xml; path = Info.plist; sourceTree = "<group>"; };
/* End PBXFileReference section */

/* Begin PBXFrameworksBuildPhase section */
		9BF8B34D2358C8D100C76D72 /* Frameworks */ = {
			isa = PBXFrameworksBuildPhase;
			buildActionMask = 2147483647;
			files = (
			);
			runOnlyForDeploymentPostprocessing = 0;
		};
		9BF8B3672358C8D300C76D72 /* Frameworks */ = {
			isa = PBXFrameworksBuildPhase;
			buildActionMask = 2147483647;
			files = (
			);
			runOnlyForDeploymentPostprocessing = 0;
		};
		9BF8B3722358C8D300C76D72 /* Frameworks */ = {
			isa = PBXFrameworksBuildPhase;
			buildActionMask = 2147483647;
			files = (
			);
			runOnlyForDeploymentPostprocessing = 0;
		};
/* End PBXFrameworksBuildPhase section */

/* Begin PBXGroup section */
		9BF8B3472358C8D100C76D72 = {
			isa = PBXGroup;
			children = (
				9BF8B3522358C8D100C76D72 /* Gametest4 */,
				9BF8B36D2358C8D300C76D72 /* Gametest4Tests */,
				9BF8B3782358C8D300C76D72 /* Gametest4UITests */,
				9BF8B3512358C8D100C76D72 /* Products */,
			);
			sourceTree = "<group>";
		};
		9BF8B3512358C8D100C76D72 /* Products */ = {
			isa = PBXGroup;
			children = (
				9BF8B3502358C8D100C76D72 /* Gametest4.app */,
				9BF8B36A2358C8D300C76D72 /* Gametest4Tests.xctest */,
				9BF8B3752358C8D300C76D72 /* Gametest4UITests.xctest */,
			);
			name = Products;
			sourceTree = "<group>";
		};
		9BF8B3522358C8D100C76D72 /* Gametest4 */ = {
			isa = PBXGroup;
			children = (
				9BF8B3532358C8D100C76D72 /* AppDelegate.swift */,
				9BF8B3552358C8D100C76D72 /* GameScene.sks */,
				9BF8B3572358C8D100C76D72 /* Actions.sks */,
				9BF8B3592358C8D100C76D72 /* GameScene.swift */,
				9BF8B35B2358C8D100C76D72 /* GameViewController.swift */,
				9BF8B35D2358C8D100C76D72 /* Main.storyboard */,
				9BF8B3602358C8D300C76D72 /* Assets.xcassets */,
				9BF8B3622358C8D300C76D72 /* LaunchScreen.storyboard */,
				9BF8B3652358C8D300C76D72 /* Info.plist */,
			);
			path = Gametest4;
			sourceTree = "<group>";
		};
		9BF8B36D2358C8D300C76D72 /* Gametest4Tests */ = {
			isa = PBXGroup;
			children = (
				9BF8B36E2358C8D300C76D72 /* Gametest4Tests.swift */,
				9BF8B3702358C8D300C76D72 /* Info.plist */,
			);
			path = Gametest4Tests;
			sourceTree = "<group>";
		};
		9BF8B3782358C8D300C76D72 /* Gametest4UITests */ = {
			isa = PBXGroup;
			children = (
				9BF8B3792358C8D300C76D72 /* Gametest4UITests.swift */,
				9BF8B37B2358C8D300C76D72 /* Info.plist */,
			);
			path = Gametest4UITests;
			sourceTree = "<group>";
		};
/* End PBXGroup section */

/* Begin PBXNativeTarget section */
		9BF8B34F2358C8D100C76D72 /* Gametest4 */ = {
			isa = PBXNativeTarget;
			buildConfigurationList = 9BF8B37E2358C8D300C76D72 /* Build configuration list for PBXNativeTarget "Gametest4" */;
			buildPhases = (
				9BF8B34C2358C8D100C76D72 /* Sources */,
				9BF8B34D2358C8D100C76D72 /* Frameworks */,
				9BF8B34E2358C8D100C76D72 /* Resources */,
			);
			buildRules = (
			);
			dependencies = (
			);
			name = Gametest4;
			productName = Gametest4;
			productReference = 9BF8B3502358C8D100C76D72 /* Gametest4.app */;
			productType = "com.apple.product-type.application";
		};
		9BF8B3692358C8D300C76D72 /* Gametest4Tests */ = {
			isa = PBXNativeTarget;
			buildConfigurationList = 9BF8B3812358C8D300C76D72 /* Build configuration list for PBXNativeTarget "Gametest4Tests" */;
			buildPhases = (
				9BF8B3662358C8D300C76D72 /* Sources */,
				9BF8B3672358C8D300C76D72 /* Frameworks */,
				9BF8B3682358C8D300C76D72 /* Resources */,
			);
			buildRules = (
			);
			dependencies = (
				9BF8B36C2358C8D300C76D72 /* PBXTargetDependency */,
			);
			name = Gametest4Tests;
			productName = Gametest4Tests;
			productReference = 9BF8B36A2358C8D300C76D72 /* Gametest4Tests.xctest */;
			productType = "com.apple.product-type.bundle.unit-test";
		};
		9BF8B3742358C8D300C76D72 /* Gametest4UITests */ = {
			isa = PBXNativeTarget;
			buildConfigurationList = 9BF8B3842358C8D300C76D72 /* Build configuration list for PBXNativeTarget "Gametest4UITests" */;
			buildPhases = (
				9BF8B3712358C8D300C76D72 /* Sources */,
				9BF8B3722358C8D300C76D72 /* Frameworks */,
				9BF8B3732358C8D300C76D72 /* Resources */,
			);
			buildRules = (
			);
			dependencies = (
				9BF8B3772358C8D300C76D72 /* PBXTargetDependency */,
			);
			name = Gametest4UITests;
			productName = Gametest4UITests;
			productReference = 9BF8B3752358C8D300C76D72 /* Gametest4UITests.xctest */;
			productType = "com.apple.product-type.bundle.ui-testing";
		};
/* End PBXNativeTarget section */

/* Begin PBXProject section */
		9BF8B3482358C8D100C76D72 /* Project object */ = {
			isa = PBXProject;
			attributes = {
				LastSwiftUpdateCheck = 1030;
				LastUpgradeCheck = 1030;
				ORGANIZATIONNAME = MacStudent;
				TargetAttributes = {
					9BF8B34F2358C8D100C76D72 = {
						CreatedOnToolsVersion = 10.3;
					};
					9BF8B3692358C8D300C76D72 = {
						CreatedOnToolsVersion = 10.3;
						TestTargetID = 9BF8B34F2358C8D100C76D72;
					};
					9BF8B3742358C8D300C76D72 = {
						CreatedOnToolsVersion = 10.3;
						TestTargetID = 9BF8B34F2358C8D100C76D72;
					};
				};
			};
			buildConfigurationList = 9BF8B34B2358C8D100C76D72 /* Build configuration list for PBXProject "Gametest4" */;
			compatibilityVersion = "Xcode 9.3";
			developmentRegion = en;
			hasScannedForEncodings = 0;
			knownRegions = (
				en,
				Base,
			);
			mainGroup = 9BF8B3472358C8D100C76D72;
			productRefGroup = 9BF8B3512358C8D100C76D72 /* Products */;
			projectDirPath = "";
			projectRoot = "";
			targets = (
				9BF8B34F2358C8D100C76D72 /* Gametest4 */,
				9BF8B3692358C8D300C76D72 /* Gametest4Tests */,
				9BF8B3742358C8D300C76D72 /* Gametest4UITests */,
			);
		};
/* End PBXProject section */

/* Begin PBXResourcesBuildPhase section */
		9BF8B34E2358C8D100C76D72 /* Resources */ = {
			isa = PBXResourcesBuildPhase;
			buildActionMask = 2147483647;
			files = (
				9BF8B35F2358C8D100C76D72 /* Main.storyboard in Resources */,
				9BF8B3562358C8D100C76D72 /* GameScene.sks in Resources */,
				9BF8B3612358C8D300C76D72 /* Assets.xcassets in Resources */,
				9BF8B3642358C8D300C76D72 /* LaunchScreen.storyboard in Resources */,
				9BF8B3582358C8D100C76D72 /* Actions.sks in Resources */,
			);
			runOnlyForDeploymentPostprocessing = 0;
		};
		9BF8B3682358C8D300C76D72 /* Resources */ = {
			isa = PBXResourcesBuildPhase;
			buildActionMask = 2147483647;
			files = (
			);
			runOnlyForDeploymentPostprocessing = 0;
		};
		9BF8B3732358C8D300C76D72 /* Resources */ = {
			isa = PBXResourcesBuildPhase;
			buildActionMask = 2147483647;
			files = (
			);
			runOnlyForDeploymentPostprocessing = 0;
		};
/* End PBXResourcesBuildPhase section */

/* Begin PBXSourcesBuildPhase section */
		9BF8B34C2358C8D100C76D72 /* Sources */ = {
			isa = PBXSourcesBuildPhase;
			buildActionMask = 2147483647;
			files = (
				9BF8B35A2358C8D100C76D72 /* GameScene.swift in Sources */,
				9BF8B35C2358C8D100C76D72 /* GameViewController.swift in Sources */,
				9BF8B3542358C8D100C76D72 /* AppDelegate.swift in Sources */,
			);
			runOnlyForDeploymentPostprocessing = 0;
		};
		9BF8B3662358C8D300C76D72 /* Sources */ = {
			isa = PBXSourcesBuildPhase;
			buildActionMask = 2147483647;
			files = (
				9BF8B36F2358C8D300C76D72 /* Gametest4Tests.swift in Sources */,
			);
			runOnlyForDeploymentPostprocessing = 0;
		};
		9BF8B3712358C8D300C76D72 /* Sources */ = {
			isa = PBXSourcesBuildPhase;
			buildActionMask = 2147483647;
			files = (
				9BF8B37A2358C8D300C76D72 /* Gametest4UITests.swift in Sources */,
			);
			runOnlyForDeploymentPostprocessing = 0;
		};
/* End PBXSourcesBuildPhase section */

/* Begin PBXTargetDependency section */
		9BF8B36C2358C8D300C76D72 /* PBXTargetDependency */ = {
			isa = PBXTargetDependency;
			target = 9BF8B34F2358C8D100C76D72 /* Gametest4 */;
			targetProxy = 9BF8B36B2358C8D300C76D72 /* PBXContainerItemProxy */;
		};
		9BF8B3772358C8D300C76D72 /* PBXTargetDependency */ = {
			isa = PBXTargetDependency;
			target = 9BF8B34F2358C8D100C76D72 /* Gametest4 */;
			targetProxy = 9BF8B3762358C8D300C76D72 /* PBXContainerItemProxy */;
		};
/* End PBXTargetDependency section */

/* Begin PBXVariantGroup section */
		9BF8B35D2358C8D100C76D72 /* Main.storyboard */ = {
			isa = PBXVariantGroup;
			children = (
				9BF8B35E2358C8D100C76D72 /* Base */,
			);
			name = Main.storyboard;
			sourceTree = "<group>";
		};
		9BF8B3622358C8D300C76D72 /* LaunchScreen.storyboard */ = {
			isa = PBXVariantGroup;
			children = (
				9BF8B3632358C8D300C76D72 /* Base */,
			);
			name = LaunchScreen.storyboard;
			sourceTree = "<group>";
		};
/* End PBXVariantGroup section */

/* Begin XCBuildConfiguration section */
		9BF8B37C2358C8D300C76D72 /* Debug */ = {
			isa = XCBuildConfiguration;
			buildSettings = {
				ALWAYS_SEARCH_USER_PATHS = NO;
				CLANG_ANALYZER_NONNULL = YES;
				CLANG_ANALYZER_NUMBER_OBJECT_CONVERSION = YES_AGGRESSIVE;
				CLANG_CXX_LANGUAGE_STANDARD = "gnu++14";
				CLANG_CXX_LIBRARY = "libc++";
				CLANG_ENABLE_MODULES = YES;
				CLANG_ENABLE_OBJC_ARC = YES;
				CLANG_ENABLE_OBJC_WEAK = YES;
				CLANG_WARN_BLOCK_CAPTURE_AUTORELEASING = YES;
				CLANG_WARN_BOOL_CONVERSION = YES;
				CLANG_WARN_COMMA = YES;
				CLANG_WARN_CONSTANT_CONVERSION = YES;
				CLANG_WARN_DEPRECATED_OBJC_IMPLEMENTATIONS = YES;
				CLANG_WARN_DIRECT_OBJC_ISA_USAGE = YES_ERROR;
				CLANG_WARN_DOCUMENTATION_COMMENTS = YES;
				CLANG_WARN_EMPTY_BODY = YES;
				CLANG_WARN_ENUM_CONVERSION = YES;
				CLANG_WARN_INFINITE_RECURSION = YES;
				CLANG_WARN_INT_CONVERSION = YES;
				CLANG_WARN_NON_LITERAL_NULL_CONVERSION = YES;
				CLANG_WARN_OBJC_IMPLICIT_RETAIN_SELF = YES;
				CLANG_WARN_OBJC_LITERAL_CONVERSION = YES;
				CLANG_WARN_OBJC_ROOT_CLASS = YES_ERROR;
				CLANG_WARN_RANGE_LOOP_ANALYSIS = YES;
				CLANG_WARN_STRICT_PROTOTYPES = YES;
				CLANG_WARN_SUSPICIOUS_MOVE = YES;
				CLANG_WARN_UNGUARDED_AVAILABILITY = YES_AGGRESSIVE;
				CLANG_WARN_UNREACHABLE_CODE = YES;
				CLANG_WARN__DUPLICATE_METHOD_MATCH = YES;
				CODE_SIGN_IDENTITY = "iPhone Developer";
				COPY_PHASE_STRIP = NO;
				DEBUG_INFORMATION_FORMAT = dwarf;
				ENABLE_STRICT_OBJC_MSGSEND = YES;
				ENABLE_TESTABILITY = YES;
				GCC_C_LANGUAGE_STANDARD = gnu11;
				GCC_DYNAMIC_NO_PIC = NO;
				GCC_NO_COMMON_BLOCKS = YES;
				GCC_OPTIMIZATION_LEVEL = 0;
				GCC_PREPROCESSOR_DEFINITIONS = (
					"DEBUG=1",
					"$(inherited)",
				);
				GCC_WARN_64_TO_32_BIT_CONVERSION = YES;
				GCC_WARN_ABOUT_RETURN_TYPE = YES_ERROR;
				GCC_WARN_UNDECLARED_SELECTOR = YES;
				GCC_WARN_UNINITIALIZED_AUTOS = YES_AGGRESSIVE;
				GCC_WARN_UNUSED_FUNCTION = YES;
				GCC_WARN_UNUSED_VARIABLE = YES;
				IPHONEOS_DEPLOYMENT_TARGET = 12.4;
				MTL_ENABLE_DEBUG_INFO = INCLUDE_SOURCE;
				MTL_FAST_MATH = YES;
				ONLY_ACTIVE_ARCH = YES;
				SDKROOT = iphoneos;
				SWIFT_ACTIVE_COMPILATION_CONDITIONS = DEBUG;
				SWIFT_OPTIMIZATION_LEVEL = "-Onone";
			};
			name = Debug;
		};
		9BF8B37D2358C8D300C76D72 /* Release */ = {
			isa = XCBuildConfiguration;
			buildSettings = {
				ALWAYS_SEARCH_USER_PATHS = NO;
				CLANG_ANALYZER_NONNULL = YES;
				CLANG_ANALYZER_NUMBER_OBJECT_CONVERSION = YES_AGGRESSIVE;
				CLANG_CXX_LANGUAGE_STANDARD = "gnu++14";
				CLANG_CXX_LIBRARY = "libc++";
				CLANG_ENABLE_MODULES = YES;
				CLANG_ENABLE_OBJC_ARC = YES;
				CLANG_ENABLE_OBJC_WEAK = YES;
				CLANG_WARN_BLOCK_CAPTURE_AUTORELEASING = YES;
				CLANG_WARN_BOOL_CONVERSION = YES;
				CLANG_WARN_COMMA = YES;
				CLANG_WARN_CONSTANT_CONVERSION = YES;
				CLANG_WARN_DEPRECATED_OBJC_IMPLEMENTATIONS = YES;
				CLANG_WARN_DIRECT_OBJC_ISA_USAGE = YES_ERROR;
				CLANG_WARN_DOCUMENTATION_COMMENTS = YES;
				CLANG_WARN_EMPTY_BODY = YES;
				CLANG_WARN_ENUM_CONVERSION = YES;
				CLANG_WARN_INFINITE_RECURSION = YES;
				CLANG_WARN_INT_CONVERSION = YES;
				CLANG_WARN_NON_LITERAL_NULL_CONVERSION = YES;
				CLANG_WARN_OBJC_IMPLICIT_RETAIN_SELF = YES;
				CLANG_WARN_OBJC_LITERAL_CONVERSION = YES;
				CLANG_WARN_OBJC_ROOT_CLASS = YES_ERROR;
				CLANG_WARN_RANGE_LOOP_ANALYSIS = YES;
				CLANG_WARN_STRICT_PROTOTYPES = YES;
				CLANG_WARN_SUSPICIOUS_MOVE = YES;
				CLANG_WARN_UNGUARDED_AVAILABILITY = YES_AGGRESSIVE;
				CLANG_WARN_UNREACHABLE_CODE = YES;
				CLANG_WARN__DUPLICATE_METHOD_MATCH = YES;
				CODE_SIGN_IDENTITY = "iPhone Developer";
				COPY_PHASE_STRIP = NO;
				DEBUG_INFORMATION_FORMAT = "dwarf-with-dsym";
				ENABLE_NS_ASSERTIONS = NO;
				ENABLE_STRICT_OBJC_MSGSEND = YES;
				GCC_C_LANGUAGE_STANDARD = gnu11;
				GCC_NO_COMMON_BLOCKS = YES;
				GCC_WARN_64_TO_32_BIT_CONVERSION = YES;
				GCC_WARN_ABOUT_RETURN_TYPE = YES_ERROR;
				GCC_WARN_UNDECLARED_SELECTOR = YES;
				GCC_WARN_UNINITIALIZED_AUTOS = YES_AGGRESSIVE;
				GCC_WARN_UNUSED_FUNCTION = YES;
				GCC_WARN_UNUSED_VARIABLE = YES;
				IPHONEOS_DEPLOYMENT_TARGET = 12.4;
				MTL_ENABLE_DEBUG_INFO = NO;
				MTL_FAST_MATH = YES;
				SDKROOT = iphoneos;
				SWIFT_COMPILATION_MODE = wholemodule;
				SWIFT_OPTIMIZATION_LEVEL = "-O";
				VALIDATE_PRODUCT = YES;
			};
			name = Release;
		};
		9BF8B37F2358C8D300C76D72 /* Debug */ = {
			isa = XCBuildConfiguration;
			buildSettings = {
				ASSETCATALOG_COMPILER_APPICON_NAME = AppIcon;
				CODE_SIGN_STYLE = Automatic;
				INFOPLIST_FILE = Gametest4/Info.plist;
				LD_RUNPATH_SEARCH_PATHS = (
					"$(inherited)",
					"@executable_path/Frameworks",
				);
				PRODUCT_BUNDLE_IDENTIFIER = CestarCollege.Gametest4;
				PRODUCT_NAME = "$(TARGET_NAME)";
				SWIFT_VERSION = 5.0;
				TARGETED_DEVICE_FAMILY = "1,2";
			};
			name = Debug;
		};
		9BF8B3802358C8D300C76D72 /* Release */ = {
			isa = XCBuildConfiguration;
			buildSettings = {
				ASSETCATALOG_COMPILER_APPICON_NAME = AppIcon;
				CODE_SIGN_STYLE = Automatic;
				INFOPLIST_FILE = Gametest4/Info.plist;
				LD_RUNPATH_SEARCH_PATHS = (
					"$(inherited)",
					"@executable_path/Frameworks",
				);
				PRODUCT_BUNDLE_IDENTIFIER = CestarCollege.Gametest4;
				PRODUCT_NAME = "$(TARGET_NAME)";
				SWIFT_VERSION = 5.0;
				TARGETED_DEVICE_FAMILY = "1,2";
			};
			name = Release;
		};
		9BF8B3822358C8D300C76D72 /* Debug */ = {
			isa = XCBuildConfiguration;
			buildSettings = {
				ALWAYS_EMBED_SWIFT_STANDARD_LIBRARIES = YES;
				BUNDLE_LOADER = "$(TEST_HOST)";
				CODE_SIGN_STYLE = Automatic;
				INFOPLIST_FILE = Gametest4Tests/Info.plist;
				LD_RUNPATH_SEARCH_PATHS = (
					"$(inherited)",
					"@executable_path/Frameworks",
					"@loader_path/Frameworks",
				);
				PRODUCT_BUNDLE_IDENTIFIER = CestarCollege.Gametest4Tests;
				PRODUCT_NAME = "$(TARGET_NAME)";
				SWIFT_VERSION = 5.0;
				TARGETED_DEVICE_FAMILY = "1,2";
				TEST_HOST = "$(BUILT_PRODUCTS_DIR)/Gametest4.app/Gametest4";
			};
			name = Debug;
		};
		9BF8B3832358C8D300C76D72 /* Release */ = {
			isa = XCBuildConfiguration;
			buildSettings = {
				ALWAYS_EMBED_SWIFT_STANDARD_LIBRARIES = YES;
				BUNDLE_LOADER = "$(TEST_HOST)";
				CODE_SIGN_STYLE = Automatic;
				INFOPLIST_FILE = Gametest4Tests/Info.plist;
				LD_RUNPATH_SEARCH_PATHS = (
					"$(inherited)",
					"@executable_path/Frameworks",
					"@loader_path/Frameworks",
				);
				PRODUCT_BUNDLE_IDENTIFIER = CestarCollege.Gametest4Tests;
				PRODUCT_NAME = "$(TARGET_NAME)";
				SWIFT_VERSION = 5.0;
				TARGETED_DEVICE_FAMILY = "1,2";
				TEST_HOST = "$(BUILT_PRODUCTS_DIR)/Gametest4.app/Gametest4";
			};
			name = Release;
		};
		9BF8B3852358C8D300C76D72 /* Debug */ = {
			isa = XCBuildConfiguration;
			buildSettings = {
				ALWAYS_EMBED_SWIFT_STANDARD_LIBRARIES = YES;
				CODE_SIGN_STYLE = Automatic;
				INFOPLIST_FILE = Gametest4UITests/Info.plist;
				LD_RUNPATH_SEARCH_PATHS = (
					"$(inherited)",
					"@executable_path/Frameworks",
					"@loader_path/Frameworks",
				);
				PRODUCT_BUNDLE_IDENTIFIER = CestarCollege.Gametest4UITests;
				PRODUCT_NAME = "$(TARGET_NAME)";
				SWIFT_VERSION = 5.0;
				TARGETED_DEVICE_FAMILY = "1,2";
				TEST_TARGET_NAME = Gametest4;
			};
			name = Debug;
		};
		9BF8B3862358C8D300C76D72 /* Release */ = {
			isa = XCBuildConfiguration;
			buildSettings = {
				ALWAYS_EMBED_SWIFT_STANDARD_LIBRARIES = YES;
				CODE_SIGN_STYLE = Automatic;
				INFOPLIST_FILE = Gametest4UITests/Info.plist;
				LD_RUNPATH_SEARCH_PATHS = (
					"$(inherited)",
					"@executable_path/Frameworks",
					"@loader_path/Frameworks",
				);
				PRODUCT_BUNDLE_IDENTIFIER = CestarCollege.Gametest4UITests;
				PRODUCT_NAME = "$(TARGET_NAME)";
				SWIFT_VERSION = 5.0;
				TARGETED_DEVICE_FAMILY = "1,2";
				TEST_TARGET_NAME = Gametest4;
			};
			name = Release;
		};
/* End XCBuildConfiguration section */

/* Begin XCConfigurationList section */
		9BF8B34B2358C8D100C76D72 /* Build configuration list for PBXProject "Gametest4" */ = {
			isa = XCConfigurationList;
			buildConfigurations = (
				9BF8B37C2358C8D300C76D72 /* Debug */,
				9BF8B37D2358C8D300C76D72 /* Release */,
			);
			defaultConfigurationIsVisible = 0;
			defaultConfigurationName = Release;
		};
		9BF8B37E2358C8D300C76D72 /* Build configuration list for PBXNativeTarget "Gametest4" */ = {
			isa = XCConfigurationList;
			buildConfigurations = (
				9BF8B37F2358C8D300C76D72 /* Debug */,
				9BF8B3802358C8D300C76D72 /* Release */,
			);
			defaultConfigurationIsVisible = 0;
			defaultConfigurationName = Release;
		};
		9BF8B3812358C8D300C76D72 /* Build configuration list for PBXNativeTarget "Gametest4Tests" */ = {
			isa = XCConfigurationList;
			buildConfigurations = (
				9BF8B3822358C8D300C76D72 /* Debug */,
				9BF8B3832358C8D300C76D72 /* Release */,
			);
			defaultConfigurationIsVisible = 0;
			defaultConfigurationName = Release;
		};
		9BF8B3842358C8D300C76D72 /* Build configuration list for PBXNativeTarget "Gametest4UITests" */ = {
			isa = XCConfigurationList;
			buildConfigurations = (
				9BF8B3852358C8D300C76D72 /* Debug */,
				9BF8B3862358C8D300C76D72 /* Release */,
			);
			defaultConfigurationIsVisible = 0;
			defaultConfigurationName = Release;
		};
/* End XCConfigurationList section */
	};
	rootObject = 9BF8B3482358C8D100C76D72 /* Project object */;
}
